// !$*UTF8*$!
{
	archiveVersion = 1;
	classes = {
	};
	objectVersion = 77;
	objects = {

/* Begin PBXContainerItemProxy section */
		15FECF9C2F2B4DBC00A57202 /* PBXContainerItemProxy */ = {
			isa = PBXContainerItemProxy;
			containerPortal = 15FECF842F2B4DBB00A57202 /* Project object */;
			proxyType = 1;
			remoteGlobalIDString = 15FECF8B2F2B4DBB00A57202;
			remoteInfo = BookScan;
		};
		15FECFA62F2B4DBC00A57202 /* PBXContainerItemProxy */ = {
			isa = PBXContainerItemProxy;
			containerPortal = 15FECF842F2B4DBB00A57202 /* Project object */;
			proxyType = 1;
			remoteGlobalIDString = 15FECF8B2F2B4DBB00A57202;
			remoteInfo = BookScan;
		};
/* End PBXContainerItemProxy section */

/* Begin PBXFileReference section */
		15FECF8C2F2B4DBB00A57202 /* BookScan.app */ = {isa = PBXFileReference; explicitFileType = wrapper.application; includeInIndex = 0; path = BookScan.app; sourceTree = BUILT_PRODUCTS_DIR; };
		15FECF9B2F2B4DBC00A57202 /* BookScanTests.xctest */ = {isa = PBXFileReference; explicitFileType = wrapper.cfbundle; includeInIndex = 0; path = BookScanTests.xctest; sourceTree = BUILT_PRODUCTS_DIR; };
		15FECFA52F2B4DBC00A57202 /* BookScanUITests.xctest */ = {isa = PBXFileReference; explicitFileType = wrapper.cfbundle; includeInIndex = 0; path = BookScanUITests.xctest; sourceTree = BUILT_PRODUCTS_DIR; };
/* End PBXFileReference section */

/* Begin PBXFileSystemSynchronizedRootGroup section */
		15FECF8E2F2B4DBB00A57202 /* BookScan */ = {
			isa = PBXFileSystemSynchronizedRootGroup;
			path = BookScan;
			sourceTree = "<group>";
		};
		15FECF9E2F2B4DBC00A57202 /* BookScanTests */ = {
			isa = PBXFileSystemSynchronizedRootGroup;
			path = BookScanTests;
			sourceTree = "<group>";
		};
		15FECFA82F2B4DBC00A57202 /* BookScanUITests */ = {
			isa = PBXFileSystemSynchronizedRootGroup;
			path = BookScanUITests;
			sourceTree = "<group>";
		};
/* End PBXFileSystemSynchronizedRootGroup section */

/* Begin PBXFrameworksBuildPhase section */
		15FECF892F2B4DBB00A57202 /* Frameworks */ = {
			isa = PBXFrameworksBuildPhase;
			buildActionMask = 2147483647;
			files = (
			);
			runOnlyForDeploymentPostprocessing = 0;
		};
		15FECF982F2B4DBC00A57202 /* Frameworks */ = {
			isa = PBXFrameworksBuildPhase;
			buildActionMask = 2147483647;
			files = (
			);
			runOnlyForDeploymentPostprocessing = 0;
		};
		15FECFA22F2B4DBC00A57202 /* Frameworks */ = {
			isa = PBXFrameworksBuildPhase;
			buildActionMask = 2147483647;
			files = (
			);
			runOnlyForDeploymentPostprocessing = 0;
		};
/* End PBXFrameworksBuildPhase section */

/* Begin PBXGroup section */
		15FECF832F2B4DBB00A57202 = {
			isa = PBXGroup;
			children = (
				15FECF8E2F2B4DBB00A57202 /* BookScan */,
				15FECF9E2F2B4DBC00A57202 /* BookScanTests */,
				15FECFA82F2B4DBC00A57202 /* BookScanUITests */,
				15FECF8D2F2B4DBB00A57202 /* Products */,
			);
			sourceTree = "<group>";
		};
		15FECF8D2F2B4DBB00A57202 /* Products */ = {
			isa = PBXGroup;
			children = (
				15FECF8C2F2B4DBB00A57202 /* BookScan.app */,
				15FECF9B2F2B4DBC00A57202 /* BookScanTests.xctest */,
				15FECFA52F2B4DBC00A57202 /* BookScanUITests.xctest */,
			);
			name = Products;
			sourceTree = "<group>";
		};
/* End PBXGroup section */

/* Begin PBXNativeTarget section */
		15FECF8B2F2B4DBB00A57202 /* BookScan */ = {
			isa = PBXNativeTarget;
			buildConfigurationList = 15FECFAF2F2B4DBC00A57202 /* Build configuration list for PBXNativeTarget "BookScan" */;
			buildPhases = (
				15FECF882F2B4DBB00A57202 /* Sources */,
				15FECF892F2B4DBB00A57202 /* Frameworks */,
				15FECF8A2F2B4DBB00A57202 /* Resources */,
			);
			buildRules = (
			);
			dependencies = (
			);
			fileSystemSynchronizedGroups = (
				15FECF8E2F2B4DBB00A57202 /* BookScan */,
			);
			name = BookScan;
			packageProductDependencies = (
			);
			productName = BookScan;
			productReference = 15FECF8C2F2B4DBB00A57202 /* BookScan.app */;
			productType = "com.apple.product-type.application";
		};
		15FECF9A2F2B4DBC00A57202 /* BookScanTests */ = {
			isa = PBXNativeTarget;
			buildConfigurationList = 15FECFB22F2B4DBC00A57202 /* Build configuration list for PBXNativeTarget "BookScanTests" */;
			buildPhases = (
				15FECF972F2B4DBC00A57202 /* Sources */,
				15FECF982F2B4DBC00A57202 /* Frameworks */,
				15FECF992F2B4DBC00A57202 /* Resources */,
			);
			buildRules = (
			);
			dependencies = (
				15FECF9D2F2B4DBC00A57202 /* PBXTargetDependency */,
			);
			fileSystemSynchronizedGroups = (
				15FECF9E2F2B4DBC00A57202 /* BookScanTests */,
			);
			name = BookScanTests;
			packageProductDependencies = (
			);
			productName = BookScanTests;
			productReference = 15FECF9B2F2B4DBC00A57202 /* BookScanTests.xctest */;
			productType = "com.apple.product-type.bundle.unit-test";
		};
		15FECFA42F2B4DBC00A57202 /* BookScanUITests */ = {
			isa = PBXNativeTarget;
			buildConfigurationList = 15FECFB52F2B4DBC00A57202 /* Build configuration list for PBXNativeTarget "BookScanUITests" */;
			buildPhases = (
				15FECFA12F2B4DBC00A57202 /* Sources */,
				15FECFA22F2B4DBC00A57202 /* Frameworks */,
				15FECFA32F2B4DBC00A57202 /* Resources */,
			);
			buildRules = (
			);
			dependencies = (
				15FECFA72F2B4DBC00A57202 /* PBXTargetDependency */,
			);
			fileSystemSynchronizedGroups = (
				15FECFA82F2B4DBC00A57202 /* BookScanUITests */,
			);
			name = BookScanUITests;
			packageProductDependencies = (
			);
			productName = BookScanUITests;
			productReference = 15FECFA52F2B4DBC00A57202 /* BookScanUITests.xctest */;
			productType = "com.apple.product-type.bundle.ui-testing";
		};
/* End PBXNativeTarget section */

/* Begin PBXProject section */
		15FECF842F2B4DBB00A57202 /* Project object */ = {
			isa = PBXProject;
			attributes = {
				BuildIndependentTargetsInParallel = 1;
				LastSwiftUpdateCheck = 1630;
				LastUpgradeCheck = 1630;
				TargetAttributes = {
					15FECF8B2F2B4DBB00A57202 = {
						CreatedOnToolsVersion = 16.3;
					};
					15FECF9A2F2B4DBC00A57202 = {
						CreatedOnToolsVersion = 16.3;
						TestTargetID = 15FECF8B2F2B4DBB00A57202;
					};
					15FECFA42F2B4DBC00A57202 = {
						CreatedOnToolsVersion = 16.3;
						TestTargetID = 15FECF8B2F2B4DBB00A57202;
					};
				};
			};
			buildConfigurationList = 15FECF872F2B4DBB00A57202 /* Build configuration list for PBXProject "BookScan" */;
			developmentRegion = en;
			hasScannedForEncodings = 0;
			knownRegions = (
				en,
				Base,
			);
			mainGroup = 15FECF832F2B4DBB00A57202;
			minimizedProjectReferenceProxies = 1;
			preferredProjectObjectVersion = 77;
			productRefGroup = 15FECF8D2F2B4DBB00A57202 /* Products */;
			projectDirPath = "";
			projectRoot = "";
			targets = (
				15FECF8B2F2B4DBB00A57202 /* BookScan */,
				15FECF9A2F2B4DBC00A57202 /* BookScanTests */,
				15FECFA42F2B4DBC00A57202 /* BookScanUITests */,
			);
		};
/* End PBXProject section */

/* Begin PBXResourcesBuildPhase section */
		15FECF8A2F2B4DBB00A57202 /* Resources */ = {
			isa = PBXResourcesBuildPhase;
			buildActionMask = 2147483647;
			files = (
			);
			runOnlyForDeploymentPostprocessing = 0;
		};
		15FECF992F2B4DBC00A57202 /* Resources */ = {
			isa = PBXResourcesBuildPhase;
			buildActionMask = 2147483647;
			files = (
			);
			runOnlyForDeploymentPostprocessing = 0;
		};
		15FECFA32F2B4DBC00A57202 /* Resources */ = {
			isa = PBXResourcesBuildPhase;
			buildActionMask = 2147483647;
			files = (
			);
			runOnlyForDeploymentPostprocessing = 0;
		};
/* End PBXResourcesBuildPhase section */

/* Begin PBXSourcesBuildPhase section */
		15FECF882F2B4DBB00A57202 /* Sources */ = {
			isa = PBXSourcesBuildPhase;
			buildActionMask = 2147483647;
			files = (
			);
			runOnlyForDeploymentPostprocessing = 0;
		};
		15FECF972F2B4DBC00A57202 /* Sources */ = {
			isa = PBXSourcesBuildPhase;
			buildActionMask = 2147483647;
			files = (
			);
			runOnlyForDeploymentPostprocessing = 0;
		};
		15FECFA12F2B4DBC00A57202 /* Sources */ = {
			isa = PBXSourcesBuildPhase;
			buildActionMask = 2147483647;
			files = (
			);
			runOnlyForDeploymentPostprocessing = 0;
		};
/* End PBXSourcesBuildPhase section */

/* Begin PBXTargetDependency section */
		15FECF9D2F2B4DBC00A57202 /* PBXTargetDependency */ = {
			isa = PBXTargetDependency;
			target = 15FECF8B2F2B4DBB00A57202 /* BookScan */;
			targetProxy = 15FECF9C2F2B4DBC00A57202 /* PBXContainerItemProxy */;
		};
		15FECFA72F2B4DBC00A57202 /* PBXTargetDependency */ = {
			isa = PBXTargetDependency;
			target = 15FECF8B2F2B4DBB00A57202 /* BookScan */;
			targetProxy = 15FECFA62F2B4DBC00A57202 /* PBXContainerItemProxy */;
		};
/* End PBXTargetDependency section */

/* Begin XCBuildConfiguration section */
		15FECFAD2F2B4DBC00A57202 /* Debug */ = {
			isa = XCBuildConfiguration;
			buildSettings = {
				ALWAYS_SEARCH_USER_PATHS = NO;
				ASSETCATALOG_COMPILER_GENERATE_SWIFT_ASSET_SYMBOL_EXTENSIONS = YES;
				CLANG_ANALYZER_NONNULL = YES;
				CLANG_ANALYZER_NUMBER_OBJECT_CONVERSION = YES_AGGRESSIVE;
				CLANG_CXX_LANGUAGE_STANDARD = "gnu++20";
				CLANG_ENABLE_MODULES = YES;
				CLANG_ENABLE_OBJC_ARC = YES;
				CLANG_ENABLE_OBJC_WEAK = YES;
				CLANG_WARN_BLOCK_CAPTURE_AUTORELEASING = YES;
				CLANG_WARN_BOOL_CONVERSION = YES;
				CLANG_WARN_COMMA = YES;
				CLANG_WARN_CONSTANT_CONVERSION = YES;
				CLANG_WARN_DEPRECATED_OBJC_IMPLEMENTATIONS = YES;
				CLANG_WARN_DIRECT_OBJC_ISA_USAGE = YES_ERROR;
				CLANG_WARN_DOCUMENTATION_COMMENTS = YES;
				CLANG_WARN_EMPTY_BODY = YES;
				CLANG_WARN_ENUM_CONVERSION = YES;
				CLANG_WARN_INFINITE_RECURSION = YES;
				CLANG_WARN_INT_CONVERSION = YES;
				CLANG_WARN_NON_LITERAL_NULL_CONVERSION = YES;
				CLANG_WARN_OBJC_IMPLICIT_RETAIN_SELF = YES;
				CLANG_WARN_OBJC_LITERAL_CONVERSION = YES;
				CLANG_WARN_OBJC_ROOT_CLASS = YES_ERROR;
				CLANG_WARN_QUOTED_INCLUDE_IN_FRAMEWORK_HEADER = YES;
				CLANG_WARN_RANGE_LOOP_ANALYSIS = YES;
				CLANG_WARN_STRICT_PROTOTYPES = YES;
				CLANG_WARN_SUSPICIOUS_MOVE = YES;
				CLANG_WARN_UNGUARDED_AVAILABILITY = YES_AGGRESSIVE;
				CLANG_WARN_UNREACHABLE_CODE = YES;
				CLANG_WARN__DUPLICATE_METHOD_MATCH = YES;
				COPY_PHASE_STRIP = NO;
				DEBUG_INFORMATION_FORMAT = dwarf;
				ENABLE_STRICT_OBJC_MSGSEND = YES;
				ENABLE_TESTABILITY = YES;
				ENABLE_USER_SCRIPT_SANDBOXING = YES;
				GCC_C_LANGUAGE_STANDARD = gnu17;
				GCC_DYNAMIC_NO_PIC = NO;
				GCC_NO_COMMON_BLOCKS = YES;
				GCC_OPTIMIZATION_LEVEL = 0;
				GCC_PREPROCESSOR_DEFINITIONS = (
					"DEBUG=1",
					"$(inherited)",
				);
				GCC_WARN_64_TO_32_BIT_CONVERSION = YES;
				GCC_WARN_ABOUT_RETURN_TYPE = YES_ERROR;
				GCC_WARN_UNDECLARED_SELECTOR = YES;
				GCC_WARN_UNINITIALIZED_AUTOS = YES_AGGRESSIVE;
				GCC_WARN_UNUSED_FUNCTION = YES;
				GCC_WARN_UNUSED_VARIABLE = YES;
				IPHONEOS_DEPLOYMENT_TARGET = 18.4;
				LOCALIZATION_PREFERS_STRING_CATALOGS = YES;
				MTL_ENABLE_DEBUG_INFO = INCLUDE_SOURCE;
				MTL_FAST_MATH = YES;
				ONLY_ACTIVE_ARCH = YES;
				SDKROOT = iphoneos;
				SWIFT_ACTIVE_COMPILATION_CONDITIONS = "DEBUG $(inherited)";
				SWIFT_OPTIMIZATION_LEVEL = "-Onone";
			};
			name = Debug;
		};
		15FECFAE2F2B4DBC00A57202 /* Release */ = {
			isa = XCBuildConfiguration;
			buildSettings = {
				ALWAYS_SEARCH_USER_PATHS = NO;
				ASSETCATALOG_COMPILER_GENERATE_SWIFT_ASSET_SYMBOL_EXTENSIONS = YES;
				CLANG_ANALYZER_NONNULL = YES;
				CLANG_ANALYZER_NUMBER_OBJECT_CONVERSION = YES_AGGRESSIVE;
				CLANG_CXX_LANGUAGE_STANDARD = "gnu++20";
				CLANG_ENABLE_MODULES = YES;
				CLANG_ENABLE_OBJC_ARC = YES;
				CLANG_ENABLE_OBJC_WEAK = YES;
				CLANG_WARN_BLOCK_CAPTURE_AUTORELEASING = YES;
				CLANG_WARN_BOOL_CONVERSION = YES;
				CLANG_WARN_COMMA = YES;
				CLANG_WARN_CONSTANT_CONVERSION = YES;
				CLANG_WARN_DEPRECATED_OBJC_IMPLEMENTATIONS = YES;
				CLANG_WARN_DIRECT_OBJC_ISA_USAGE = YES_ERROR;
				CLANG_WARN_DOCUMENTATION_COMMENTS = YES;
				CLANG_WARN_EMPTY_BODY = YES;
				CLANG_WARN_ENUM_CONVERSION = YES;
				CLANG_WARN_INFINITE_RECURSION = YES;
				CLANG_WARN_INT_CONVERSION = YES;
				CLANG_WARN_NON_LITERAL_NULL_CONVERSION = YES;
				CLANG_WARN_OBJC_IMPLICIT_RETAIN_SELF = YES;
				CLANG_WARN_OBJC_LITERAL_CONVERSION = YES;
				CLANG_WARN_OBJC_ROOT_CLASS = YES_ERROR;
				CLANG_WARN_QUOTED_INCLUDE_IN_FRAMEWORK_HEADER = YES;
				CLANG_WARN_RANGE_LOOP_ANALYSIS = YES;
				CLANG_WARN_STRICT_PROTOTYPES = YES;
				CLANG_WARN_SUSPICIOUS_MOVE = YES;
				CLANG_WARN_UNGUARDED_AVAILABILITY = YES_AGGRESSIVE;
				CLANG_WARN_UNREACHABLE_CODE = YES;
				CLANG_WARN__DUPLICATE_METHOD_MATCH = YES;
				COPY_PHASE_STRIP = NO;
				DEBUG_INFORMATION_FORMAT = "dwarf-with-dsym";
				ENABLE_NS_ASSERTIONS = NO;
				ENABLE_STRICT_OBJC_MSGSEND = YES;
				ENABLE_USER_SCRIPT_SANDBOXING = YES;
				GCC_C_LANGUAGE_STANDARD = gnu17;
				GCC_NO_COMMON_BLOCKS = YES;
				GCC_WARN_64_TO_32_BIT_CONVERSION = YES;
				GCC_WARN_ABOUT_RETURN_TYPE = YES_ERROR;
				GCC_WARN_UNDECLARED_SELECTOR = YES;
				GCC_WARN_UNINITIALIZED_AUTOS = YES_AGGRESSIVE;
				GCC_WARN_UNUSED_FUNCTION = YES;
				GCC_WARN_UNUSED_VARIABLE = YES;
				IPHONEOS_DEPLOYMENT_TARGET = 18.4;
				LOCALIZATION_PREFERS_STRING_CATALOGS = YES;
				MTL_ENABLE_DEBUG_INFO = NO;
				MTL_FAST_MATH = YES;
				SDKROOT = iphoneos;
				SWIFT_COMPILATION_MODE = wholemodule;
				VALIDATE_PRODUCT = YES;
			};
			name = Release;
		};
		15FECFB02F2B4DBC00A57202 /* Debug */ = {
			isa = XCBuildConfiguration;
			buildSettings = {
				ASSETCATALOG_COMPILER_APPICON_NAME = AppIcon;
				ASSETCATALOG_COMPILER_GLOBAL_ACCENT_COLOR_NAME = AccentColor;
				CODE_SIGN_ENTITLEMENTS = BookScan/BookScan.entitlements;
				CODE_SIGN_IDENTITY = "Apple Development";
				CODE_SIGN_STYLE = Automatic;
				CURRENT_PROJECT_VERSION = 5;
				DEVELOPMENT_TEAM = 45CAZD64QH;
				ENABLE_PREVIEWS = YES;
				GENERATE_INFOPLIST_FILE = NO;
				INFOPLIST_FILE = Info.plist;
				INFOPLIST_KEY_CFBundleDisplayName = "Book Scanner";
				INFOPLIST_KEY_LSApplicationCategoryType = "public.app-category.lifestyle";
				INFOPLIST_KEY_NSCameraUsageDescription = "BookScan needs camera access to scan book barcodes and take cover photos";
				INFOPLIST_KEY_NSPhotoLibraryUsageDescription = "BookScan needs photo library access to select book cover images";
				INFOPLIST_KEY_UIApplicationSceneManifest_Generation = YES;
				INFOPLIST_KEY_UIApplicationSupportsIndirectInputEvents = YES;
				INFOPLIST_KEY_UIBackgroundModes = "remote-notification";
				INFOPLIST_KEY_UILaunchScreen_Generation = YES;
				INFOPLIST_KEY_UIRequiresFullScreen = YES;
				INFOPLIST_KEY_UIStatusBarHidden = YES;
				INFOPLIST_KEY_UISupportedInterfaceOrientations_iPad = "UIInterfaceOrientationPortrait UIInterfaceOrientationPortraitUpsideDown UIInterfaceOrientationLandscapeLeft UIInterfaceOrientationLandscapeRight";
				INFOPLIST_KEY_UISupportedInterfaceOrientations_iPhone = "UIInterfaceOrientationPortrait UIInterfaceOrientationLandscapeLeft UIInterfaceOrientationLandscapeRight";
				IPHONEOS_DEPLOYMENT_TARGET = 18.0;
				LD_RUNPATH_SEARCH_PATHS = (
					"$(inherited)",
					"@executable_path/Frameworks",
				);
				MARKETING_VERSION = 1.4;
				PRODUCT_BUNDLE_IDENTIFIER = memeka.BookScan;
				PRODUCT_NAME = "$(TARGET_NAME)";
				PROVISIONING_PROFILE_SPECIFIER = "";
				SUPPORTED_PLATFORMS = "iphoneos iphonesimulator";
				SUPPORTS_MACCATALYST = NO;
				SUPPORTS_XR_DESIGNED_FOR_IPHONE_IPAD = NO;
				SWIFT_EMIT_LOC_STRINGS = YES;
				SWIFT_VERSION = 5.0;
				TARGETED_DEVICE_FAMILY = "1,2";
			};
			name = Debug;
		};
		15FECFB12F2B4DBC00A57202 /* Release */ = {
			isa = XCBuildConfiguration;
			buildSettings = {
				ASSETCATALOG_COMPILER_APPICON_NAME = AppIcon;
				ASSETCATALOG_COMPILER_GLOBAL_ACCENT_COLOR_NAME = AccentColor;
				CODE_SIGN_ENTITLEMENTS = BookScan/BookScan.entitlements;
				CODE_SIGN_IDENTITY = "Apple Development";
				CODE_SIGN_STYLE = Automatic;
				CURRENT_PROJECT_VERSION = 5;
				DEVELOPMENT_TEAM = 45CAZD64QH;
				ENABLE_PREVIEWS = YES;
				GENERATE_INFOPLIST_FILE = NO;
				INFOPLIST_FILE = Info.plist;
				INFOPLIST_KEY_CFBundleDisplayName = "Book Scanner";
				INFOPLIST_KEY_LSApplicationCategoryType = "public.app-category.lifestyle";
				INFOPLIST_KEY_NSCameraUsageDescription = "BookScan needs camera access to scan book barcodes and take cover photos";
				INFOPLIST_KEY_NSPhotoLibraryUsageDescription = "BookScan needs photo library access to select book cover images";
				INFOPLIST_KEY_UIApplicationSceneManifest_Generation = YES;
				INFOPLIST_KEY_UIApplicationSupportsIndirectInputEvents = YES;
				INFOPLIST_KEY_UIBackgroundModes = "remote-notification";
				INFOPLIST_KEY_UILaunchScreen_Generation = YES;
				INFOPLIST_KEY_UIRequiresFullScreen = YES;
				INFOPLIST_KEY_UIStatusBarHidden = YES;
				INFOPLIST_KEY_UISupportedInterfaceOrientations_iPad = "UIInterfaceOrientationPortrait UIInterfaceOrientationPortraitUpsideDown UIInterfaceOrientationLandscapeLeft UIInterfaceOrientationLandscapeRight";
				INFOPLIST_KEY_UISupportedInterfaceOrientations_iPhone = "UIInterfaceOrientationPortrait UIInterfaceOrientationLandscapeLeft UIInterfaceOrientationLandscapeRight";
				IPHONEOS_DEPLOYMENT_TARGET = 18.0;
				LD_RUNPATH_SEARCH_PATHS = (
					"$(inherited)",
					"@executable_path/Frameworks",
				);
				MARKETING_VERSION = 1.4;
				PRODUCT_BUNDLE_IDENTIFIER = memeka.BookScan;
				PRODUCT_NAME = "$(TARGET_NAME)";
				PROVISIONING_PROFILE_SPECIFIER = "";
				SUPPORTED_PLATFORMS = "iphoneos iphonesimulator";
				SUPPORTS_MACCATALYST = NO;
				SUPPORTS_XR_DESIGNED_FOR_IPHONE_IPAD = NO;
				SWIFT_EMIT_LOC_STRINGS = YES;
				SWIFT_VERSION = 5.0;
				TARGETED_DEVICE_FAMILY = "1,2";
			};
			name = Release;
		};
		15FECFB32F2B4DBC00A57202 /* Debug */ = {
			isa = XCBuildConfiguration;
			buildSettings = {
				BUNDLE_LOADER = "$(TEST_HOST)";
				CODE_SIGN_STYLE = Automatic;
				CURRENT_PROJECT_VERSION = 5;
				DEVELOPMENT_TEAM = 45CAZD64QH;
				GENERATE_INFOPLIST_FILE = YES;
				IPHONEOS_DEPLOYMENT_TARGET = 18.0;
				MARKETING_VERSION = 1.4;
				PRODUCT_BUNDLE_IDENTIFIER = memeka.BookScanTests;
				PRODUCT_NAME = "$(TARGET_NAME)";
				SWIFT_EMIT_LOC_STRINGS = NO;
				SWIFT_VERSION = 5.0;
				TARGETED_DEVICE_FAMILY = "1,2";
				TEST_HOST = "$(BUILT_PRODUCTS_DIR)/BookScan.app/$(BUNDLE_EXECUTABLE_FOLDER_PATH)/BookScan";
			};
			name = Debug;
		};
		15FECFB42F2B4DBC00A57202 /* Release */ = {
			isa = XCBuildConfiguration;
			buildSettings = {
				BUNDLE_LOADER = "$(TEST_HOST)";
				CODE_SIGN_STYLE = Automatic;
				CURRENT_PROJECT_VERSION = 5;
				DEVELOPMENT_TEAM = 45CAZD64QH;
				GENERATE_INFOPLIST_FILE = YES;
				IPHONEOS_DEPLOYMENT_TARGET = 18.0;
				MARKETING_VERSION = 1.4;
				PRODUCT_BUNDLE_IDENTIFIER = memeka.BookScanTests;
				PRODUCT_NAME = "$(TARGET_NAME)";
				SWIFT_EMIT_LOC_STRINGS = NO;
				SWIFT_VERSION = 5.0;
				TARGETED_DEVICE_FAMILY = "1,2";
				TEST_HOST = "$(BUILT_PRODUCTS_DIR)/BookScan.app/$(BUNDLE_EXECUTABLE_FOLDER_PATH)/BookScan";
			};
			name = Release;
		};
		15FECFB62F2B4DBC00A57202 /* Debug */ = {
			isa = XCBuildConfiguration;
			buildSettings = {
				CODE_SIGN_STYLE = Automatic;
				CURRENT_PROJECT_VERSION = 5;
				DEVELOPMENT_TEAM = 45CAZD64QH;
				GENERATE_INFOPLIST_FILE = YES;
				MARKETING_VERSION = 1.4;
				PRODUCT_BUNDLE_IDENTIFIER = memeka.BookScanUITests;
				PRODUCT_NAME = "$(TARGET_NAME)";
				SWIFT_EMIT_LOC_STRINGS = NO;
				SWIFT_VERSION = 5.0;
				TARGETED_DEVICE_FAMILY = "1,2";
				TEST_TARGET_NAME = BookScan;
			};
			name = Debug;
		};
		15FECFB72F2B4DBC00A57202 /* Release */ = {
			isa = XCBuildConfiguration;
			buildSettings = {
				CODE_SIGN_STYLE = Automatic;
				CURRENT_PROJECT_VERSION = 5;
				DEVELOPMENT_TEAM = 45CAZD64QH;
				GENERATE_INFOPLIST_FILE = YES;
				MARKETING_VERSION = 1.4;
				PRODUCT_BUNDLE_IDENTIFIER = memeka.BookScanUITests;
				PRODUCT_NAME = "$(TARGET_NAME)";
				SWIFT_EMIT_LOC_STRINGS = NO;
				SWIFT_VERSION = 5.0;
				TARGETED_DEVICE_FAMILY = "1,2";
				TEST_TARGET_NAME = BookScan;
			};
			name = Release;
		};
/* End XCBuildConfiguration section */

/* Begin XCConfigurationList section */
		15FECF872F2B4DBB00A57202 /* Build configuration list for PBXProject "BookScan" */ = {
			isa = XCConfigurationList;
			buildConfigurations = (
				15FECFAD2F2B4DBC00A57202 /* Debug */,
				15FECFAE2F2B4DBC00A57202 /* Release */,
			);
			defaultConfigurationIsVisible = 0;
			defaultConfigurationName = Release;
		};
		15FECFAF2F2B4DBC00A57202 /* Build configuration list for PBXNativeTarget "BookScan" */ = {
			isa = XCConfigurationList;
			buildConfigurations = (
				15FECFB02F2B4DBC00A57202 /* Debug */,
				15FECFB12F2B4DBC00A57202 /* Release */,
			);
			defaultConfigurationIsVisible = 0;
			defaultConfigurationName = Release;
		};
		15FECFB22F2B4DBC00A57202 /* Build configuration list for PBXNativeTarget "BookScanTests" */ = {
			isa = XCConfigurationList;
			buildConfigurations = (
				15FECFB32F2B4DBC00A57202 /* Debug */,
				15FECFB42F2B4DBC00A57202 /* Release */,
			);
			defaultConfigurationIsVisible = 0;
			defaultConfigurationName = Release;
		};
		15FECFB52F2B4DBC00A57202 /* Build configuration list for PBXNativeTarget "BookScanUITests" */ = {
			isa = XCConfigurationList;
			buildConfigurations = (
				15FECFB62F2B4DBC00A57202 /* Debug */,
				15FECFB72F2B4DBC00A57202 /* Release */,
			);
			defaultConfigurationIsVisible = 0;
			defaultConfigurationName = Release;
		};
/* End XCConfigurationList section */
	};
	rootObject = 15FECF842F2B4DBB00A57202 /* Project object */;
}
